
Microsoft Visual Studio Solution File, Format Version 12.00
# Visual Studio Version 17
VisualStudioVersion = 17.2.32526.322
MinimumVisualStudioVersion = 10.0.40219.1
Project("{FAE04EC0-301F-11D3-BF4B-00C04F79EFBC}") = "AhmetMertUrkmezKYKYurtVeriTabani", "AhmetMertUrkmezKYKYurtVeriTabani\AhmetMertUrkmezKYKYurtVeriTabani.csproj", "{6CB400B1-F2BA-432E-A06B-66ED86975D16}"
EndProject
Global
	GlobalSection(SolutionConfigurationPlatforms) = preSolution
		Debug|Any CPU = Debug|Any CPU
		Release|Any CPU = Release|Any CPU
	EndGlobalSection
	GlobalSection(ProjectConfigurationPlatforms) = postSolution
		{6CB400B1-F2BA-432E-A06B-66ED86975D16}.Debug|Any CPU.ActiveCfg = Debug|Any CPU
		{6CB400B1-F2BA-432E-A06B-66ED86975D16}.Debug|Any CPU.Build.0 = Debug|Any CPU
		{6CB400B1-F2BA-432E-A06B-66ED86975D16}.Release|Any CPU.ActiveCfg = Release|Any CPU
		{6CB400B1-F2BA-432E-A06B-66ED86975D16}.Release|Any CPU.Build.0 = Release|Any CPU
	EndGlobalSection
	GlobalSection(SolutionProperties) = preSolution
		HideSolutionNode = FALSE
	EndGlobalSection
	GlobalSection(ExtensibilityGlobals) = postSolution
		SolutionGuid = {4AA12EEC-1547-4C65-9956-80BE2742DC63}
	EndGlobalSection
EndGlobal
